{
  "name": "vavi-viewer-shared",
  "version": "1.0.0",
  "lockfileVersion": 2,
  "requires": true,
  "packages": {
    "": {
      "name": "vavi-viewer-shared",
      "version": "1.0.0",
      "license": "ISC",
      "dependencies": {
        "vavi": "file:../../vavi"
      },
      "devDependencies": {
        "typescript": "^4.3.5"
      }
    },
    "../../vavi": {
      "version": "1.0.0",
      "license": "ISC",
      "dependencies": {
        "puppeteer": "^1.20.0"
      },
      "devDependencies": {
        "@types/jest": "^24.0.20",
        "@types/node": "^12.11.1",
        "@types/puppeteer": "^1.20.2",
        "jest": "^24.9.0",
        "ts-jest": "^24.1.0",
        "ts-node": "^8.4.1",
        "typescript": "^3.6.4"
      },
      "engines": {
        "node": ">= 12.0.0"
      }
    },
    "node_modules/typescript": {
      "version": "4.3.5",
      "resolved": "https://registry.npmjs.org/typescript/-/typescript-4.3.5.tgz",
      "integrity": "sha512-DqQgihaQ9cUrskJo9kIyW/+g0Vxsk8cDtZ52a3NGh0YNTfpUSArXSohyUGnvbPazEPLu398C0UxmKSOrPumUzA==",
      "dev": true,
      "bin": {
        "tsc": "bin/tsc",
        "tsserver": "bin/tsserver"
      },
      "engines": {
        "node": ">=4.2.0"
      }
    },
    "node_modules/vavi": {
      "resolved": "../../vavi",
      "link": true
    }
  },
  "dependencies": {
    "typescript": {
      "version": "4.3.5",
      "resolved": "https://registry.npmjs.org/typescript/-/typescript-4.3.5.tgz",
      "integrity": "sha512-DqQgihaQ9cUrskJo9kIyW/+g0Vxsk8cDtZ52a3NGh0YNTfpUSArXSohyUGnvbPazEPLu398C0UxmKSOrPumUzA==",
      "dev": true
    },
    "vavi": {
      "version": "file:../../vavi",
      "requires": {
        "@types/jest": "^24.0.20",
        "@types/node": "^12.11.1",
        "@types/puppeteer": "^1.20.2",
        "jest": "^24.9.0",
        "puppeteer": "^1.20.0",
        "ts-jest": "^24.1.0",
        "ts-node": "^8.4.1",
        "typescript": "^3.6.4"
      }
    }
  }
}
